// !$*UTF8*$!
{
	archiveVersion = 1;
	classes = {
	};
	objectVersion = 56;
	objects = {

/* Begin PBXBuildFile section */
		6DB9C25860461617A8879212 /* Pods_Marvel_Challenge_2023_Rui_Sousa.framework in Frameworks */ = {isa = PBXBuildFile; fileRef = CEBB648C460B9901B8F9E4DA /* Pods_Marvel_Challenge_2023_Rui_Sousa.framework */; };
		F68284A42970ED2500A1F803 /* AppDelegate.swift in Sources */ = {isa = PBXBuildFile; fileRef = F68284A32970ED2500A1F803 /* AppDelegate.swift */; };
		F68284A62970ED2500A1F803 /* SceneDelegate.swift in Sources */ = {isa = PBXBuildFile; fileRef = F68284A52970ED2500A1F803 /* SceneDelegate.swift */; };
		F68284AB2970ED2500A1F803 /* Main.storyboard in Resources */ = {isa = PBXBuildFile; fileRef = F68284A92970ED2500A1F803 /* Main.storyboard */; };
		F68284AD2970ED2600A1F803 /* Assets.xcassets in Resources */ = {isa = PBXBuildFile; fileRef = F68284AC2970ED2600A1F803 /* Assets.xcassets */; };
		F68284B02970ED2600A1F803 /* LaunchScreen.storyboard in Resources */ = {isa = PBXBuildFile; fileRef = F68284AE2970ED2600A1F803 /* LaunchScreen.storyboard */; };
		F68284BD2970F35800A1F803 /* HomeViewController.swift in Sources */ = {isa = PBXBuildFile; fileRef = F68284BC2970F35800A1F803 /* HomeViewController.swift */; };
		F68284BF2970F36A00A1F803 /* DetailsViewController.swift in Sources */ = {isa = PBXBuildFile; fileRef = F68284BE2970F36A00A1F803 /* DetailsViewController.swift */; };
		F68284C12970F37900A1F803 /* AboutViewController.swift in Sources */ = {isa = PBXBuildFile; fileRef = F68284C02970F37900A1F803 /* AboutViewController.swift */; };
		F68284C32970F55200A1F803 /* MarvelAPI.swift in Sources */ = {isa = PBXBuildFile; fileRef = F68284C22970F55200A1F803 /* MarvelAPI.swift */; };
		F68284C52970F58B00A1F803 /* CharacterService.swift in Sources */ = {isa = PBXBuildFile; fileRef = F68284C42970F58B00A1F803 /* CharacterService.swift */; };
		F68284C82970F71000A1F803 /* CharacterData.swift in Sources */ = {isa = PBXBuildFile; fileRef = F68284C72970F71000A1F803 /* CharacterData.swift */; };
/* End PBXBuildFile section */

/* Begin PBXFileReference section */
		CEBB648C460B9901B8F9E4DA /* Pods_Marvel_Challenge_2023_Rui_Sousa.framework */ = {isa = PBXFileReference; explicitFileType = wrapper.framework; includeInIndex = 0; path = Pods_Marvel_Challenge_2023_Rui_Sousa.framework; sourceTree = BUILT_PRODUCTS_DIR; };
		D880ECA40DC38C7867F28AEE /* Pods-Marvel-Challenge-2023-Rui.Sousa.release.xcconfig */ = {isa = PBXFileReference; includeInIndex = 1; lastKnownFileType = text.xcconfig; name = "Pods-Marvel-Challenge-2023-Rui.Sousa.release.xcconfig"; path = "Target Support Files/Pods-Marvel-Challenge-2023-Rui.Sousa/Pods-Marvel-Challenge-2023-Rui.Sousa.release.xcconfig"; sourceTree = "<group>"; };
		EB4211CD9043EF93C911E96D /* Pods-Marvel-Challenge-2023-Rui.Sousa.debug.xcconfig */ = {isa = PBXFileReference; includeInIndex = 1; lastKnownFileType = text.xcconfig; name = "Pods-Marvel-Challenge-2023-Rui.Sousa.debug.xcconfig"; path = "Target Support Files/Pods-Marvel-Challenge-2023-Rui.Sousa/Pods-Marvel-Challenge-2023-Rui.Sousa.debug.xcconfig"; sourceTree = "<group>"; };
		F68284A02970ED2500A1F803 /* Marvel-Challenge-2023-Rui.Sousa.app */ = {isa = PBXFileReference; explicitFileType = wrapper.application; includeInIndex = 0; path = "Marvel-Challenge-2023-Rui.Sousa.app"; sourceTree = BUILT_PRODUCTS_DIR; };
		F68284A32970ED2500A1F803 /* AppDelegate.swift */ = {isa = PBXFileReference; lastKnownFileType = sourcecode.swift; path = AppDelegate.swift; sourceTree = "<group>"; };
		F68284A52970ED2500A1F803 /* SceneDelegate.swift */ = {isa = PBXFileReference; lastKnownFileType = sourcecode.swift; path = SceneDelegate.swift; sourceTree = "<group>"; };
		F68284AA2970ED2500A1F803 /* Base */ = {isa = PBXFileReference; lastKnownFileType = file.storyboard; name = Base; path = Base.lproj/Main.storyboard; sourceTree = "<group>"; };
		F68284AC2970ED2600A1F803 /* Assets.xcassets */ = {isa = PBXFileReference; lastKnownFileType = folder.assetcatalog; path = Assets.xcassets; sourceTree = "<group>"; };
		F68284AF2970ED2600A1F803 /* Base */ = {isa = PBXFileReference; lastKnownFileType = file.storyboard; name = Base; path = Base.lproj/LaunchScreen.storyboard; sourceTree = "<group>"; };
		F68284B12970ED2600A1F803 /* Info.plist */ = {isa = PBXFileReference; lastKnownFileType = text.plist.xml; path = Info.plist; sourceTree = "<group>"; };
		F68284BC2970F35800A1F803 /* HomeViewController.swift */ = {isa = PBXFileReference; lastKnownFileType = sourcecode.swift; path = HomeViewController.swift; sourceTree = "<group>"; };
		F68284BE2970F36A00A1F803 /* DetailsViewController.swift */ = {isa = PBXFileReference; lastKnownFileType = sourcecode.swift; path = DetailsViewController.swift; sourceTree = "<group>"; };
		F68284C02970F37900A1F803 /* AboutViewController.swift */ = {isa = PBXFileReference; lastKnownFileType = sourcecode.swift; path = AboutViewController.swift; sourceTree = "<group>"; };
		F68284C22970F55200A1F803 /* MarvelAPI.swift */ = {isa = PBXFileReference; lastKnownFileType = sourcecode.swift; path = MarvelAPI.swift; sourceTree = "<group>"; };
		F68284C42970F58B00A1F803 /* CharacterService.swift */ = {isa = PBXFileReference; lastKnownFileType = sourcecode.swift; path = CharacterService.swift; sourceTree = "<group>"; };
		F68284C72970F71000A1F803 /* CharacterData.swift */ = {isa = PBXFileReference; lastKnownFileType = sourcecode.swift; path = CharacterData.swift; sourceTree = "<group>"; };
/* End PBXFileReference section */

/* Begin PBXFrameworksBuildPhase section */
		F682849D2970ED2500A1F803 /* Frameworks */ = {
			isa = PBXFrameworksBuildPhase;
			buildActionMask = 2147483647;
			files = (
				6DB9C25860461617A8879212 /* Pods_Marvel_Challenge_2023_Rui_Sousa.framework in Frameworks */,
			);
			runOnlyForDeploymentPostprocessing = 0;
		};
/* End PBXFrameworksBuildPhase section */

/* Begin PBXGroup section */
		1C3D58ADB2F0ACC882CFDE98 /* Frameworks */ = {
			isa = PBXGroup;
			children = (
				CEBB648C460B9901B8F9E4DA /* Pods_Marvel_Challenge_2023_Rui_Sousa.framework */,
			);
			name = Frameworks;
			sourceTree = "<group>";
		};
		8402A00A37EFC8F199E2E5AB /* Pods */ = {
			isa = PBXGroup;
			children = (
				EB4211CD9043EF93C911E96D /* Pods-Marvel-Challenge-2023-Rui.Sousa.debug.xcconfig */,
				D880ECA40DC38C7867F28AEE /* Pods-Marvel-Challenge-2023-Rui.Sousa.release.xcconfig */,
			);
			path = Pods;
			sourceTree = "<group>";
		};
		F68284972970ED2500A1F803 = {
			isa = PBXGroup;
			children = (
				F68284A22970ED2500A1F803 /* Marvel-Challenge-2023-Rui.Sousa */,
				F68284A12970ED2500A1F803 /* Products */,
				8402A00A37EFC8F199E2E5AB /* Pods */,
				1C3D58ADB2F0ACC882CFDE98 /* Frameworks */,
			);
			sourceTree = "<group>";
		};
		F68284A12970ED2500A1F803 /* Products */ = {
			isa = PBXGroup;
			children = (
				F68284A02970ED2500A1F803 /* Marvel-Challenge-2023-Rui.Sousa.app */,
			);
			name = Products;
			sourceTree = "<group>";
		};
		F68284A22970ED2500A1F803 /* Marvel-Challenge-2023-Rui.Sousa */ = {
			isa = PBXGroup;
			children = (
				F68284C62970F6EA00A1F803 /* Model */,
				F68284BB2970F2EF00A1F803 /* ViewControllers */,
				F68284BA2970F09B00A1F803 /* Storyboard */,
				F68284B92970F08600A1F803 /* Services */,
				F68284B82970F07200A1F803 /* Views */,
				F68284B72970F03800A1F803 /* Resources */,
			);
			path = "Marvel-Challenge-2023-Rui.Sousa";
			sourceTree = "<group>";
		};
		F68284B72970F03800A1F803 /* Resources */ = {
			isa = PBXGroup;
			children = (
				F68284B12970ED2600A1F803 /* Info.plist */,
				F68284A32970ED2500A1F803 /* AppDelegate.swift */,
				F68284A52970ED2500A1F803 /* SceneDelegate.swift */,
				F68284AC2970ED2600A1F803 /* Assets.xcassets */,
			);
			path = Resources;
			sourceTree = "<group>";
		};
		F68284B82970F07200A1F803 /* Views */ = {
			isa = PBXGroup;
			children = (
			);
			path = Views;
			sourceTree = "<group>";
		};
		F68284B92970F08600A1F803 /* Services */ = {
			isa = PBXGroup;
			children = (
				F68284C22970F55200A1F803 /* MarvelAPI.swift */,
				F68284C42970F58B00A1F803 /* CharacterService.swift */,
			);
			path = Services;
			sourceTree = "<group>";
		};
		F68284BA2970F09B00A1F803 /* Storyboard */ = {
			isa = PBXGroup;
			children = (
				F68284A92970ED2500A1F803 /* Main.storyboard */,
				F68284AE2970ED2600A1F803 /* LaunchScreen.storyboard */,
			);
			path = Storyboard;
			sourceTree = "<group>";
		};
		F68284BB2970F2EF00A1F803 /* ViewControllers */ = {
			isa = PBXGroup;
			children = (
				F68284BC2970F35800A1F803 /* HomeViewController.swift */,
				F68284BE2970F36A00A1F803 /* DetailsViewController.swift */,
				F68284C02970F37900A1F803 /* AboutViewController.swift */,
			);
			path = ViewControllers;
			sourceTree = "<group>";
		};
		F68284C62970F6EA00A1F803 /* Model */ = {
			isa = PBXGroup;
			children = (
				F68284C72970F71000A1F803 /* CharacterData.swift */,
			);
			path = Model;
			sourceTree = "<group>";
		};
/* End PBXGroup section */

/* Begin PBXNativeTarget section */
		F682849F2970ED2500A1F803 /* Marvel-Challenge-2023-Rui.Sousa */ = {
			isa = PBXNativeTarget;
			buildConfigurationList = F68284B42970ED2600A1F803 /* Build configuration list for PBXNativeTarget "Marvel-Challenge-2023-Rui.Sousa" */;
			buildPhases = (
				E1EC3255050523F571E6A116 /* [CP] Check Pods Manifest.lock */,
				F682849C2970ED2500A1F803 /* Sources */,
				F682849D2970ED2500A1F803 /* Frameworks */,
				F682849E2970ED2500A1F803 /* Resources */,
				E5427A365CA22F863484B35B /* [CP] Embed Pods Frameworks */,
			);
			buildRules = (
			);
			dependencies = (
			);
			name = "Marvel-Challenge-2023-Rui.Sousa";
			productName = "Marvel-Challenge-2023-Rui.Sousa";
			productReference = F68284A02970ED2500A1F803 /* Marvel-Challenge-2023-Rui.Sousa.app */;
			productType = "com.apple.product-type.application";
		};
/* End PBXNativeTarget section */

/* Begin PBXProject section */
		F68284982970ED2500A1F803 /* Project object */ = {
			isa = PBXProject;
			attributes = {
				BuildIndependentTargetsInParallel = 1;
				LastSwiftUpdateCheck = 1420;
				LastUpgradeCheck = 1420;
				TargetAttributes = {
					F682849F2970ED2500A1F803 = {
						CreatedOnToolsVersion = 14.2;
					};
				};
			};
			buildConfigurationList = F682849B2970ED2500A1F803 /* Build configuration list for PBXProject "Marvel-Challenge-2023-Rui.Sousa" */;
			compatibilityVersion = "Xcode 14.0";
			developmentRegion = en;
			hasScannedForEncodings = 0;
			knownRegions = (
				en,
				Base,
			);
			mainGroup = F68284972970ED2500A1F803;
			productRefGroup = F68284A12970ED2500A1F803 /* Products */;
			projectDirPath = "";
			projectRoot = "";
			targets = (
				F682849F2970ED2500A1F803 /* Marvel-Challenge-2023-Rui.Sousa */,
			);
		};
/* End PBXProject section */

/* Begin PBXResourcesBuildPhase section */
		F682849E2970ED2500A1F803 /* Resources */ = {
			isa = PBXResourcesBuildPhase;
			buildActionMask = 2147483647;
			files = (
				F68284B02970ED2600A1F803 /* LaunchScreen.storyboard in Resources */,
				F68284AD2970ED2600A1F803 /* Assets.xcassets in Resources */,
				F68284AB2970ED2500A1F803 /* Main.storyboard in Resources */,
			);
			runOnlyForDeploymentPostprocessing = 0;
		};
/* End PBXResourcesBuildPhase section */

/* Begin PBXShellScriptBuildPhase section */
		E1EC3255050523F571E6A116 /* [CP] Check Pods Manifest.lock */ = {
			isa = PBXShellScriptBuildPhase;
			buildActionMask = 2147483647;
			files = (
			);
			inputFileListPaths = (
			);
			inputPaths = (
				"${PODS_PODFILE_DIR_PATH}/Podfile.lock",
				"${PODS_ROOT}/Manifest.lock",
			);
			name = "[CP] Check Pods Manifest.lock";
			outputFileListPaths = (
			);
			outputPaths = (
				"$(DERIVED_FILE_DIR)/Pods-Marvel-Challenge-2023-Rui.Sousa-checkManifestLockResult.txt",
			);
			runOnlyForDeploymentPostprocessing = 0;
			shellPath = /bin/sh;
			shellScript = "diff \"${PODS_PODFILE_DIR_PATH}/Podfile.lock\" \"${PODS_ROOT}/Manifest.lock\" > /dev/null\nif [ $? != 0 ] ; then\n    # print error to STDERR\n    echo \"error: The sandbox is not in sync with the Podfile.lock. Run 'pod install' or update your CocoaPods installation.\" >&2\n    exit 1\nfi\n# This output is used by Xcode 'outputs' to avoid re-running this script phase.\necho \"SUCCESS\" > \"${SCRIPT_OUTPUT_FILE_0}\"\n";
			showEnvVarsInLog = 0;
		};
		E5427A365CA22F863484B35B /* [CP] Embed Pods Frameworks */ = {
			isa = PBXShellScriptBuildPhase;
			buildActionMask = 2147483647;
			files = (
			);
			inputFileListPaths = (
				"${PODS_ROOT}/Target Support Files/Pods-Marvel-Challenge-2023-Rui.Sousa/Pods-Marvel-Challenge-2023-Rui.Sousa-frameworks-${CONFIGURATION}-input-files.xcfilelist",
			);
			name = "[CP] Embed Pods Frameworks";
			outputFileListPaths = (
				"${PODS_ROOT}/Target Support Files/Pods-Marvel-Challenge-2023-Rui.Sousa/Pods-Marvel-Challenge-2023-Rui.Sousa-frameworks-${CONFIGURATION}-output-files.xcfilelist",
			);
			runOnlyForDeploymentPostprocessing = 0;
			shellPath = /bin/sh;
			shellScript = "\"${PODS_ROOT}/Target Support Files/Pods-Marvel-Challenge-2023-Rui.Sousa/Pods-Marvel-Challenge-2023-Rui.Sousa-frameworks.sh\"\n";
			showEnvVarsInLog = 0;
		};
/* End PBXShellScriptBuildPhase section */

/* Begin PBXSourcesBuildPhase section */
		F682849C2970ED2500A1F803 /* Sources */ = {
			isa = PBXSourcesBuildPhase;
			buildActionMask = 2147483647;
			files = (
				F68284A42970ED2500A1F803 /* AppDelegate.swift in Sources */,
				F68284A62970ED2500A1F803 /* SceneDelegate.swift in Sources */,
				F68284C52970F58B00A1F803 /* CharacterService.swift in Sources */,
				F68284BD2970F35800A1F803 /* HomeViewController.swift in Sources */,
				F68284C32970F55200A1F803 /* MarvelAPI.swift in Sources */,
				F68284C82970F71000A1F803 /* CharacterData.swift in Sources */,
				F68284C12970F37900A1F803 /* AboutViewController.swift in Sources */,
				F68284BF2970F36A00A1F803 /* DetailsViewController.swift in Sources */,
			);
			runOnlyForDeploymentPostprocessing = 0;
		};
/* End PBXSourcesBuildPhase section */

/* Begin PBXVariantGroup section */
		F68284A92970ED2500A1F803 /* Main.storyboard */ = {
			isa = PBXVariantGroup;
			children = (
				F68284AA2970ED2500A1F803 /* Base */,
			);
			name = Main.storyboard;
			sourceTree = "<group>";
		};
		F68284AE2970ED2600A1F803 /* LaunchScreen.storyboard */ = {
			isa = PBXVariantGroup;
			children = (
				F68284AF2970ED2600A1F803 /* Base */,
			);
			name = LaunchScreen.storyboard;
			sourceTree = "<group>";
		};
/* End PBXVariantGroup section */

/* Begin XCBuildConfiguration section */
		F68284B22970ED2600A1F803 /* Debug */ = {
			isa = XCBuildConfiguration;
			buildSettings = {
				ALWAYS_SEARCH_USER_PATHS = NO;
				CLANG_ANALYZER_NONNULL = YES;
				CLANG_ANALYZER_NUMBER_OBJECT_CONVERSION = YES_AGGRESSIVE;
				CLANG_CXX_LANGUAGE_STANDARD = "gnu++20";
				CLANG_ENABLE_MODULES = YES;
				CLANG_ENABLE_OBJC_ARC = YES;
				CLANG_ENABLE_OBJC_WEAK = YES;
				CLANG_WARN_BLOCK_CAPTURE_AUTORELEASING = YES;
				CLANG_WARN_BOOL_CONVERSION = YES;
				CLANG_WARN_COMMA = YES;
				CLANG_WARN_CONSTANT_CONVERSION = YES;
				CLANG_WARN_DEPRECATED_OBJC_IMPLEMENTATIONS = YES;
				CLANG_WARN_DIRECT_OBJC_ISA_USAGE = YES_ERROR;
				CLANG_WARN_DOCUMENTATION_COMMENTS = YES;
				CLANG_WARN_EMPTY_BODY = YES;
				CLANG_WARN_ENUM_CONVERSION = YES;
				CLANG_WARN_INFINITE_RECURSION = YES;
				CLANG_WARN_INT_CONVERSION = YES;
				CLANG_WARN_NON_LITERAL_NULL_CONVERSION = YES;
				CLANG_WARN_OBJC_IMPLICIT_RETAIN_SELF = YES;
				CLANG_WARN_OBJC_LITERAL_CONVERSION = YES;
				CLANG_WARN_OBJC_ROOT_CLASS = YES_ERROR;
				CLANG_WARN_QUOTED_INCLUDE_IN_FRAMEWORK_HEADER = YES;
				CLANG_WARN_RANGE_LOOP_ANALYSIS = YES;
				CLANG_WARN_STRICT_PROTOTYPES = YES;
				CLANG_WARN_SUSPICIOUS_MOVE = YES;
				CLANG_WARN_UNGUARDED_AVAILABILITY = YES_AGGRESSIVE;
				CLANG_WARN_UNREACHABLE_CODE = YES;
				CLANG_WARN__DUPLICATE_METHOD_MATCH = YES;
				COPY_PHASE_STRIP = NO;
				DEBUG_INFORMATION_FORMAT = dwarf;
				ENABLE_STRICT_OBJC_MSGSEND = YES;
				ENABLE_TESTABILITY = YES;
				GCC_C_LANGUAGE_STANDARD = gnu11;
				GCC_DYNAMIC_NO_PIC = NO;
				GCC_NO_COMMON_BLOCKS = YES;
				GCC_OPTIMIZATION_LEVEL = 0;
				GCC_PREPROCESSOR_DEFINITIONS = (
					"DEBUG=1",
					"$(inherited)",
				);
				GCC_WARN_64_TO_32_BIT_CONVERSION = YES;
				GCC_WARN_ABOUT_RETURN_TYPE = YES_ERROR;
				GCC_WARN_UNDECLARED_SELECTOR = YES;
				GCC_WARN_UNINITIALIZED_AUTOS = YES_AGGRESSIVE;
				GCC_WARN_UNUSED_FUNCTION = YES;
				GCC_WARN_UNUSED_VARIABLE = YES;
				IPHONEOS_DEPLOYMENT_TARGET = 16.2;
				MTL_ENABLE_DEBUG_INFO = INCLUDE_SOURCE;
				MTL_FAST_MATH = YES;
				ONLY_ACTIVE_ARCH = YES;
				SDKROOT = iphoneos;
				SWIFT_ACTIVE_COMPILATION_CONDITIONS = DEBUG;
				SWIFT_OPTIMIZATION_LEVEL = "-Onone";
			};
			name = Debug;
		};
		F68284B32970ED2600A1F803 /* Release */ = {
			isa = XCBuildConfiguration;
			buildSettings = {
				ALWAYS_SEARCH_USER_PATHS = NO;
				CLANG_ANALYZER_NONNULL = YES;
				CLANG_ANALYZER_NUMBER_OBJECT_CONVERSION = YES_AGGRESSIVE;
				CLANG_CXX_LANGUAGE_STANDARD = "gnu++20";
				CLANG_ENABLE_MODULES = YES;
				CLANG_ENABLE_OBJC_ARC = YES;
				CLANG_ENABLE_OBJC_WEAK = YES;
				CLANG_WARN_BLOCK_CAPTURE_AUTORELEASING = YES;
				CLANG_WARN_BOOL_CONVERSION = YES;
				CLANG_WARN_COMMA = YES;
				CLANG_WARN_CONSTANT_CONVERSION = YES;
				CLANG_WARN_DEPRECATED_OBJC_IMPLEMENTATIONS = YES;
				CLANG_WARN_DIRECT_OBJC_ISA_USAGE = YES_ERROR;
				CLANG_WARN_DOCUMENTATION_COMMENTS = YES;
				CLANG_WARN_EMPTY_BODY = YES;
				CLANG_WARN_ENUM_CONVERSION = YES;
				CLANG_WARN_INFINITE_RECURSION = YES;
				CLANG_WARN_INT_CONVERSION = YES;
				CLANG_WARN_NON_LITERAL_NULL_CONVERSION = YES;
				CLANG_WARN_OBJC_IMPLICIT_RETAIN_SELF = YES;
				CLANG_WARN_OBJC_LITERAL_CONVERSION = YES;
				CLANG_WARN_OBJC_ROOT_CLASS = YES_ERROR;
				CLANG_WARN_QUOTED_INCLUDE_IN_FRAMEWORK_HEADER = YES;
				CLANG_WARN_RANGE_LOOP_ANALYSIS = YES;
				CLANG_WARN_STRICT_PROTOTYPES = YES;
				CLANG_WARN_SUSPICIOUS_MOVE = YES;
				CLANG_WARN_UNGUARDED_AVAILABILITY = YES_AGGRESSIVE;
				CLANG_WARN_UNREACHABLE_CODE = YES;
				CLANG_WARN__DUPLICATE_METHOD_MATCH = YES;
				COPY_PHASE_STRIP = NO;
				DEBUG_INFORMATION_FORMAT = "dwarf-with-dsym";
				ENABLE_NS_ASSERTIONS = NO;
				ENABLE_STRICT_OBJC_MSGSEND = YES;
				GCC_C_LANGUAGE_STANDARD = gnu11;
				GCC_NO_COMMON_BLOCKS = YES;
				GCC_WARN_64_TO_32_BIT_CONVERSION = YES;
				GCC_WARN_ABOUT_RETURN_TYPE = YES_ERROR;
				GCC_WARN_UNDECLARED_SELECTOR = YES;
				GCC_WARN_UNINITIALIZED_AUTOS = YES_AGGRESSIVE;
				GCC_WARN_UNUSED_FUNCTION = YES;
				GCC_WARN_UNUSED_VARIABLE = YES;
				IPHONEOS_DEPLOYMENT_TARGET = 16.2;
				MTL_ENABLE_DEBUG_INFO = NO;
				MTL_FAST_MATH = YES;
				SDKROOT = iphoneos;
				SWIFT_COMPILATION_MODE = wholemodule;
				SWIFT_OPTIMIZATION_LEVEL = "-O";
				VALIDATE_PRODUCT = YES;
			};
			name = Release;
		};
		F68284B52970ED2600A1F803 /* Debug */ = {
			isa = XCBuildConfiguration;
			baseConfigurationReference = EB4211CD9043EF93C911E96D /* Pods-Marvel-Challenge-2023-Rui.Sousa.debug.xcconfig */;
			buildSettings = {
				ASSETCATALOG_COMPILER_APPICON_NAME = AppIcon;
				ASSETCATALOG_COMPILER_GLOBAL_ACCENT_COLOR_NAME = AccentColor;
				CODE_SIGN_STYLE = Automatic;
				CURRENT_PROJECT_VERSION = 1;
				DEVELOPMENT_TEAM = G67JJSJZ84;
				GENERATE_INFOPLIST_FILE = YES;
				INFOPLIST_FILE = "Marvel-Challenge-2023-Rui.Sousa/Info.plist";
				INFOPLIST_KEY_CFBundleDisplayName = "Marvel Api";
				INFOPLIST_KEY_LSApplicationCategoryType = "public.app-category.entertainment";
				INFOPLIST_KEY_UIApplicationSupportsIndirectInputEvents = YES;
				INFOPLIST_KEY_UILaunchStoryboardName = LaunchScreen;
				INFOPLIST_KEY_UIMainStoryboardFile = Main;
				INFOPLIST_KEY_UISupportedInterfaceOrientations = UIInterfaceOrientationPortrait;
				LD_RUNPATH_SEARCH_PATHS = (
					"$(inherited)",
					"@executable_path/Frameworks",
				);
				MARKETING_VERSION = 1.0;
				PRODUCT_BUNDLE_IDENTIFIER = "RuiSousa.Marvel-Challenge-2023-Rui-Sousa";
				PRODUCT_NAME = "$(TARGET_NAME)";
				SWIFT_EMIT_LOC_STRINGS = YES;
				SWIFT_VERSION = 5.0;
				TARGETED_DEVICE_FAMILY = "1,2";
			};
			name = Debug;
		};
		F68284B62970ED2600A1F803 /* Release */ = {
			isa = XCBuildConfiguration;
			baseConfigurationReference = D880ECA40DC38C7867F28AEE /* Pods-Marvel-Challenge-2023-Rui.Sousa.release.xcconfig */;
			buildSettings = {
				ASSETCATALOG_COMPILER_APPICON_NAME = AppIcon;
				ASSETCATALOG_COMPILER_GLOBAL_ACCENT_COLOR_NAME = AccentColor;
				CODE_SIGN_STYLE = Automatic;
				CURRENT_PROJECT_VERSION = 1;
				DEVELOPMENT_TEAM = G67JJSJZ84;
				GENERATE_INFOPLIST_FILE = YES;
				INFOPLIST_FILE = "Marvel-Challenge-2023-Rui.Sousa/Info.plist";
				INFOPLIST_KEY_CFBundleDisplayName = "Marvel Api";
				INFOPLIST_KEY_LSApplicationCategoryType = "public.app-category.entertainment";
				INFOPLIST_KEY_UIApplicationSupportsIndirectInputEvents = YES;
				INFOPLIST_KEY_UILaunchStoryboardName = LaunchScreen;
				INFOPLIST_KEY_UIMainStoryboardFile = Main;
				INFOPLIST_KEY_UISupportedInterfaceOrientations = UIInterfaceOrientationPortrait;
				LD_RUNPATH_SEARCH_PATHS = (
					"$(inherited)",
					"@executable_path/Frameworks",
				);
				MARKETING_VERSION = 1.0;
				PRODUCT_BUNDLE_IDENTIFIER = "RuiSousa.Marvel-Challenge-2023-Rui-Sousa";
				PRODUCT_NAME = "$(TARGET_NAME)";
				SWIFT_EMIT_LOC_STRINGS = YES;
				SWIFT_VERSION = 5.0;
				TARGETED_DEVICE_FAMILY = "1,2";
			};
			name = Release;
		};
/* End XCBuildConfiguration section */

/* Begin XCConfigurationList section */
		F682849B2970ED2500A1F803 /* Build configuration list for PBXProject "Marvel-Challenge-2023-Rui.Sousa" */ = {
			isa = XCConfigurationList;
			buildConfigurations = (
				F68284B22970ED2600A1F803 /* Debug */,
				F68284B32970ED2600A1F803 /* Release */,
			);
			defaultConfigurationIsVisible = 0;
			defaultConfigurationName = Release;
		};
		F68284B42970ED2600A1F803 /* Build configuration list for PBXNativeTarget "Marvel-Challenge-2023-Rui.Sousa" */ = {
			isa = XCConfigurationList;
			buildConfigurations = (
				F68284B52970ED2600A1F803 /* Debug */,
				F68284B62970ED2600A1F803 /* Release */,
			);
			defaultConfigurationIsVisible = 0;
			defaultConfigurationName = Release;
		};
/* End XCConfigurationList section */
	};
	rootObject = F68284982970ED2500A1F803 /* Project object */;
}
